
Microsoft Visual Studio Solution File, Format Version 12.00
# Visual Studio Version 17
VisualStudioVersion = 17.0.31903.59
MinimumVisualStudioVersion = 10.0.40219.1
Project("{FAE04EC0-301F-11D3-BF4B-00C04F79EFBC}") = "net8", "net8\net8.csproj", "{1A56A8B6-B29A-5083-1399-9E6F9123025A}"
EndProject
Project("{FAE04EC0-301F-11D3-BF4B-00C04F79EFBC}") = "netstd21", "netstd21\netstd21.csproj", "{6347AAEB-B1A8-B8EE-CB31-55CC04B6A483}"
EndProject
Project("{FAE04EC0-301F-11D3-BF4B-00C04F79EFBC}") = "ConsoleExe", "ConsoleExe\ConsoleExe.csproj", "{F1D65EF7-D98E-A545-FA85-D2A50EB66EB8}"
EndProject
Global
	GlobalSection(SolutionConfigurationPlatforms) = preSolution
		Debug|Any CPU = Debug|Any CPU
		Release|Any CPU = Release|Any CPU
	EndGlobalSection
	GlobalSection(ProjectConfigurationPlatforms) = postSolution
		{1A56A8B6-B29A-5083-1399-9E6F9123025A}.Debug|Any CPU.ActiveCfg = Debug|Any CPU
		{1A56A8B6-B29A-5083-1399-9E6F9123025A}.Debug|Any CPU.Build.0 = Debug|Any CPU
		{1A56A8B6-B29A-5083-1399-9E6F9123025A}.Release|Any CPU.ActiveCfg = Release|Any CPU
		{1A56A8B6-B29A-5083-1399-9E6F9123025A}.Release|Any CPU.Build.0 = Release|Any CPU
		{6347AAEB-B1A8-B8EE-CB31-55CC04B6A483}.Debug|Any CPU.ActiveCfg = Debug|Any CPU
		{6347AAEB-B1A8-B8EE-CB31-55CC04B6A483}.Debug|Any CPU.Build.0 = Debug|Any CPU
		{6347AAEB-B1A8-B8EE-CB31-55CC04B6A483}.Release|Any CPU.ActiveCfg = Release|Any CPU
		{6347AAEB-B1A8-B8EE-CB31-55CC04B6A483}.Release|Any CPU.Build.0 = Release|Any CPU
		{F1D65EF7-D98E-A545-FA85-D2A50EB66EB8}.Debug|Any CPU.ActiveCfg = Debug|Any CPU
		{F1D65EF7-D98E-A545-FA85-D2A50EB66EB8}.Debug|Any CPU.Build.0 = Debug|Any CPU
		{F1D65EF7-D98E-A545-FA85-D2A50EB66EB8}.Release|Any CPU.ActiveCfg = Release|Any CPU
		{F1D65EF7-D98E-A545-FA85-D2A50EB66EB8}.Release|Any CPU.Build.0 = Release|Any CPU
	EndGlobalSection
	GlobalSection(SolutionProperties) = preSolution
		HideSolutionNode = FALSE
	EndGlobalSection
EndGlobal
